
Microsoft Visual Studio Solution File, Format Version 12.00
# Visual Studio Version 17
VisualStudioVersion = 17.6.33815.320
MinimumVisualStudioVersion = 10.0.40219.1
Project("{FAE04EC0-301F-11D3-BF4B-00C04F79EFBC}") = "WinFormsApp1", "WinFormsApp1\WinFormsApp1.csproj", "{4F8B2600-CF37-472D-A6CA-37109E98615A}"
EndProject
Global
	GlobalSection(SolutionConfigurationPlatforms) = preSolution
		Debug|Any CPU = Debug|Any CPU
		Release|Any CPU = Release|Any CPU
	EndGlobalSection
	GlobalSection(ProjectConfigurationPlatforms) = postSolution
		{4F8B2600-CF37-472D-A6CA-37109E98615A}.Debug|Any CPU.ActiveCfg = Debug|Any CPU
		{4F8B2600-CF37-472D-A6CA-37109E98615A}.Debug|Any CPU.Build.0 = Debug|Any CPU
		{4F8B2600-CF37-472D-A6CA-37109E98615A}.Release|Any CPU.ActiveCfg = Release|Any CPU
		{4F8B2600-CF37-472D-A6CA-37109E98615A}.Release|Any CPU.Build.0 = Release|Any CPU
	EndGlobalSection
	GlobalSection(SolutionProperties) = preSolution
		HideSolutionNode = FALSE
	EndGlobalSection
	GlobalSection(ExtensibilityGlobals) = postSolution
		SolutionGuid = {2951DA5D-1DA2-40BC-A1C2-EB0A53AFC9CE}
	EndGlobalSection
EndGlobal
